// !$*UTF8*$!
{
	archiveVersion = 1;
	classes = {
	};
	objectVersion = 46;
	objects = {

/* Begin PBXBuildFile section */
		D15AD06A1E8D737C00033DF9 /* AppDelegate.swift in Sources */ = {isa = PBXBuildFile; fileRef = D15AD0691E8D737C00033DF9 /* AppDelegate.swift */; };
		D15AD06C1E8D737C00033DF9 /* ViewController.swift in Sources */ = {isa = PBXBuildFile; fileRef = D15AD06B1E8D737C00033DF9 /* ViewController.swift */; };
		D15AD06F1E8D737C00033DF9 /* Main.storyboard in Resources */ = {isa = PBXBuildFile; fileRef = D15AD06D1E8D737C00033DF9 /* Main.storyboard */; };
		D15AD0711E8D737C00033DF9 /* Assets.xcassets in Resources */ = {isa = PBXBuildFile; fileRef = D15AD0701E8D737C00033DF9 /* Assets.xcassets */; };
		D15AD0741E8D737C00033DF9 /* LaunchScreen.storyboard in Resources */ = {isa = PBXBuildFile; fileRef = D15AD0721E8D737C00033DF9 /* LaunchScreen.storyboard */; };
		D15AD07C1E8D744200033DF9 /* BookTableViewController.swift in Sources */ = {isa = PBXBuildFile; fileRef = D15AD07B1E8D744200033DF9 /* BookTableViewController.swift */; };
		D15AD07F1E8D74A400033DF9 /* Book.swift in Sources */ = {isa = PBXBuildFile; fileRef = D15AD07E1E8D74A400033DF9 /* Book.swift */; };
		D15AD0821E8D75DA00033DF9 /* BookCell.swift in Sources */ = {isa = PBXBuildFile; fileRef = D15AD0811E8D75DA00033DF9 /* BookCell.swift */; };
/* End PBXBuildFile section */

/* Begin PBXFileReference section */
		D15AD0661E8D737C00033DF9 /* Books.app */ = {isa = PBXFileReference; explicitFileType = wrapper.application; includeInIndex = 0; path = Books.app; sourceTree = BUILT_PRODUCTS_DIR; };
		D15AD0691E8D737C00033DF9 /* AppDelegate.swift */ = {isa = PBXFileReference; lastKnownFileType = sourcecode.swift; path = AppDelegate.swift; sourceTree = "<group>"; };
		D15AD06B1E8D737C00033DF9 /* ViewController.swift */ = {isa = PBXFileReference; lastKnownFileType = sourcecode.swift; path = ViewController.swift; sourceTree = "<group>"; };
		D15AD06E1E8D737C00033DF9 /* Base */ = {isa = PBXFileReference; lastKnownFileType = file.storyboard; name = Base; path = Base.lproj/Main.storyboard; sourceTree = "<group>"; };
		D15AD0701E8D737C00033DF9 /* Assets.xcassets */ = {isa = PBXFileReference; lastKnownFileType = folder.assetcatalog; path = Assets.xcassets; sourceTree = "<group>"; };
		D15AD0731E8D737C00033DF9 /* Base */ = {isa = PBXFileReference; lastKnownFileType = file.storyboard; name = Base; path = Base.lproj/LaunchScreen.storyboard; sourceTree = "<group>"; };
		D15AD0751E8D737C00033DF9 /* Info.plist */ = {isa = PBXFileReference; lastKnownFileType = text.plist.xml; path = Info.plist; sourceTree = "<group>"; };
		D15AD07B1E8D744200033DF9 /* BookTableViewController.swift */ = {isa = PBXFileReference; fileEncoding = 4; lastKnownFileType = sourcecode.swift; path = BookTableViewController.swift; sourceTree = "<group>"; };
		D15AD07E1E8D74A400033DF9 /* Book.swift */ = {isa = PBXFileReference; fileEncoding = 4; lastKnownFileType = sourcecode.swift; path = Book.swift; sourceTree = "<group>"; };
		D15AD0811E8D75DA00033DF9 /* BookCell.swift */ = {isa = PBXFileReference; fileEncoding = 4; lastKnownFileType = sourcecode.swift; path = BookCell.swift; sourceTree = "<group>"; };
/* End PBXFileReference section */

/* Begin PBXFrameworksBuildPhase section */
		D15AD0631E8D737C00033DF9 /* Frameworks */ = {
			isa = PBXFrameworksBuildPhase;
			buildActionMask = 2147483647;
			files = (
			);
			runOnlyForDeploymentPostprocessing = 0;
		};
/* End PBXFrameworksBuildPhase section */

/* Begin PBXGroup section */
		D15AD05D1E8D737C00033DF9 = {
			isa = PBXGroup;
			children = (
				D15AD0681E8D737C00033DF9 /* Books */,
				D15AD0671E8D737C00033DF9 /* Products */,
			);
			sourceTree = "<group>";
		};
		D15AD0671E8D737C00033DF9 /* Products */ = {
			isa = PBXGroup;
			children = (
				D15AD0661E8D737C00033DF9 /* Books.app */,
			);
			name = Products;
			sourceTree = "<group>";
		};
		D15AD0681E8D737C00033DF9 /* Books */ = {
			isa = PBXGroup;
			children = (
				D15AD0801E8D75A600033DF9 /* view */,
				D15AD07D1E8D749500033DF9 /* model */,
				D15AD0691E8D737C00033DF9 /* AppDelegate.swift */,
				D15AD06B1E8D737C00033DF9 /* ViewController.swift */,
				D15AD07B1E8D744200033DF9 /* BookTableViewController.swift */,
				D15AD06D1E8D737C00033DF9 /* Main.storyboard */,
				D15AD0701E8D737C00033DF9 /* Assets.xcassets */,
				D15AD0721E8D737C00033DF9 /* LaunchScreen.storyboard */,
				D15AD0751E8D737C00033DF9 /* Info.plist */,
			);
			path = Books;
			sourceTree = "<group>";
		};
		D15AD07D1E8D749500033DF9 /* model */ = {
			isa = PBXGroup;
			children = (
				D15AD07E1E8D74A400033DF9 /* Book.swift */,
			);
			name = model;
			sourceTree = "<group>";
		};
		D15AD0801E8D75A600033DF9 /* view */ = {
			isa = PBXGroup;
			children = (
				D15AD0811E8D75DA00033DF9 /* BookCell.swift */,
			);
			name = view;
			sourceTree = "<group>";
		};
/* End PBXGroup section */

/* Begin PBXNativeTarget section */
		D15AD0651E8D737C00033DF9 /* Books */ = {
			isa = PBXNativeTarget;
			buildConfigurationList = D15AD0781E8D737C00033DF9 /* Build configuration list for PBXNativeTarget "Books" */;
			buildPhases = (
				D15AD0621E8D737C00033DF9 /* Sources */,
				D15AD0631E8D737C00033DF9 /* Frameworks */,
				D15AD0641E8D737C00033DF9 /* Resources */,
			);
			buildRules = (
			);
			dependencies = (
			);
			name = Books;
			productName = Books;
			productReference = D15AD0661E8D737C00033DF9 /* Books.app */;
			productType = "com.apple.product-type.application";
		};
/* End PBXNativeTarget section */

/* Begin PBXProject section */
		D15AD05E1E8D737C00033DF9 /* Project object */ = {
			isa = PBXProject;
			attributes = {
				LastSwiftUpdateCheck = 0800;
				LastUpgradeCheck = 0800;
				ORGANIZATIONNAME = "Antonio Jesus Cazalla";
				TargetAttributes = {
					D15AD0651E8D737C00033DF9 = {
						CreatedOnToolsVersion = 8.0;
						DevelopmentTeam = Y9T7B7USN7;
						ProvisioningStyle = Automatic;
					};
				};
			};
			buildConfigurationList = D15AD0611E8D737C00033DF9 /* Build configuration list for PBXProject "Books" */;
			compatibilityVersion = "Xcode 3.2";
			developmentRegion = English;
			hasScannedForEncodings = 0;
			knownRegions = (
				en,
				Base,
			);
			mainGroup = D15AD05D1E8D737C00033DF9;
			productRefGroup = D15AD0671E8D737C00033DF9 /* Products */;
			projectDirPath = "";
			projectRoot = "";
			targets = (
				D15AD0651E8D737C00033DF9 /* Books */,
			);
		};
/* End PBXProject section */

/* Begin PBXResourcesBuildPhase section */
		D15AD0641E8D737C00033DF9 /* Resources */ = {
			isa = PBXResourcesBuildPhase;
			buildActionMask = 2147483647;
			files = (
				D15AD0741E8D737C00033DF9 /* LaunchScreen.storyboard in Resources */,
				D15AD0711E8D737C00033DF9 /* Assets.xcassets in Resources */,
				D15AD06F1E8D737C00033DF9 /* Main.storyboard in Resources */,
			);
			runOnlyForDeploymentPostprocessing = 0;
		};
/* End PBXResourcesBuildPhase section */

/* Begin PBXSourcesBuildPhase section */
		D15AD0621E8D737C00033DF9 /* Sources */ = {
			isa = PBXSourcesBuildPhase;
			buildActionMask = 2147483647;
			files = (
				D15AD07F1E8D74A400033DF9 /* Book.swift in Sources */,
				D15AD06C1E8D737C00033DF9 /* ViewController.swift in Sources */,
				D15AD07C1E8D744200033DF9 /* BookTableViewController.swift in Sources */,
				D15AD06A1E8D737C00033DF9 /* AppDelegate.swift in Sources */,
				D15AD0821E8D75DA00033DF9 /* BookCell.swift in Sources */,
			);
			runOnlyForDeploymentPostprocessing = 0;
		};
/* End PBXSourcesBuildPhase section */

/* Begin PBXVariantGroup section */
		D15AD06D1E8D737C00033DF9 /* Main.storyboard */ = {
			isa = PBXVariantGroup;
			children = (
				D15AD06E1E8D737C00033DF9 /* Base */,
			);
			name = Main.storyboard;
			sourceTree = "<group>";
		};
		D15AD0721E8D737C00033DF9 /* LaunchScreen.storyboard */ = {
			isa = PBXVariantGroup;
			children = (
				D15AD0731E8D737C00033DF9 /* Base */,
			);
			name = LaunchScreen.storyboard;
			sourceTree = "<group>";
		};
/* End PBXVariantGroup section */

/* Begin XCBuildConfiguration section */
		D15AD0761E8D737C00033DF9 /* Debug */ = {
			isa = XCBuildConfiguration;
			buildSettings = {
				ALWAYS_SEARCH_USER_PATHS = NO;
				CLANG_ANALYZER_NONNULL = YES;
				CLANG_CXX_LANGUAGE_STANDARD = "gnu++0x";
				CLANG_CXX_LIBRARY = "libc++";
				CLANG_ENABLE_MODULES = YES;
				CLANG_ENABLE_OBJC_ARC = YES;
				CLANG_WARN_BOOL_CONVERSION = YES;
				CLANG_WARN_CONSTANT_CONVERSION = YES;
				CLANG_WARN_DIRECT_OBJC_ISA_USAGE = YES_ERROR;
				CLANG_WARN_DOCUMENTATION_COMMENTS = YES;
				CLANG_WARN_EMPTY_BODY = YES;
				CLANG_WARN_ENUM_CONVERSION = YES;
				CLANG_WARN_INFINITE_RECURSION = YES;
				CLANG_WARN_INT_CONVERSION = YES;
				CLANG_WARN_OBJC_ROOT_CLASS = YES_ERROR;
				CLANG_WARN_SUSPICIOUS_MOVES = YES;
				CLANG_WARN_UNREACHABLE_CODE = YES;
				CLANG_WARN__DUPLICATE_METHOD_MATCH = YES;
				"CODE_SIGN_IDENTITY[sdk=iphoneos*]" = "iPhone Developer";
				COPY_PHASE_STRIP = NO;
				DEBUG_INFORMATION_FORMAT = dwarf;
				ENABLE_STRICT_OBJC_MSGSEND = YES;
				ENABLE_TESTABILITY = YES;
				GCC_C_LANGUAGE_STANDARD = gnu99;
				GCC_DYNAMIC_NO_PIC = NO;
				GCC_NO_COMMON_BLOCKS = YES;
				GCC_OPTIMIZATION_LEVEL = 0;
				GCC_PREPROCESSOR_DEFINITIONS = (
					"DEBUG=1",
					"$(inherited)",
				);
				GCC_WARN_64_TO_32_BIT_CONVERSION = YES;
				GCC_WARN_ABOUT_RETURN_TYPE = YES_ERROR;
				GCC_WARN_UNDECLARED_SELECTOR = YES;
				GCC_WARN_UNINITIALIZED_AUTOS = YES_AGGRESSIVE;
				GCC_WARN_UNUSED_FUNCTION = YES;
				GCC_WARN_UNUSED_VARIABLE = YES;
				IPHONEOS_DEPLOYMENT_TARGET = 10.0;
				MTL_ENABLE_DEBUG_INFO = YES;
				ONLY_ACTIVE_ARCH = YES;
				SDKROOT = iphoneos;
				SWIFT_ACTIVE_COMPILATION_CONDITIONS = DEBUG;
				SWIFT_OPTIMIZATION_LEVEL = "-Onone";
			};
			name = Debug;
		};
		D15AD0771E8D737C00033DF9 /* Release */ = {
			isa = XCBuildConfiguration;
			buildSettings = {
				ALWAYS_SEARCH_USER_PATHS = NO;
				CLANG_ANALYZER_NONNULL = YES;
				CLANG_CXX_LANGUAGE_STANDARD = "gnu++0x";
				CLANG_CXX_LIBRARY = "libc++";
				CLANG_ENABLE_MODULES = YES;
				CLANG_ENABLE_OBJC_ARC = YES;
				CLANG_WARN_BOOL_CONVERSION = YES;
				CLANG_WARN_CONSTANT_CONVERSION = YES;
				CLANG_WARN_DIRECT_OBJC_ISA_USAGE = YES_ERROR;
				CLANG_WARN_DOCUMENTATION_COMMENTS = YES;
				CLANG_WARN_EMPTY_BODY = YES;
				CLANG_WARN_ENUM_CONVERSION = YES;
				CLANG_WARN_INFINITE_RECURSION = YES;
				CLANG_WARN_INT_CONVERSION = YES;
				CLANG_WARN_OBJC_ROOT_CLASS = YES_ERROR;
				CLANG_WARN_SUSPICIOUS_MOVES = YES;
				CLANG_WARN_UNREACHABLE_CODE = YES;
				CLANG_WARN__DUPLICATE_METHOD_MATCH = YES;
				"CODE_SIGN_IDENTITY[sdk=iphoneos*]" = "iPhone Developer";
				COPY_PHASE_STRIP = NO;
				DEBUG_INFORMATION_FORMAT = "dwarf-with-dsym";
				ENABLE_NS_ASSERTIONS = NO;
				ENABLE_STRICT_OBJC_MSGSEND = YES;
				GCC_C_LANGUAGE_STANDARD = gnu99;
				GCC_NO_COMMON_BLOCKS = YES;
				GCC_WARN_64_TO_32_BIT_CONVERSION = YES;
				GCC_WARN_ABOUT_RETURN_TYPE = YES_ERROR;
				GCC_WARN_UNDECLARED_SELECTOR = YES;
				GCC_WARN_UNINITIALIZED_AUTOS = YES_AGGRESSIVE;
				GCC_WARN_UNUSED_FUNCTION = YES;
				GCC_WARN_UNUSED_VARIABLE = YES;
				IPHONEOS_DEPLOYMENT_TARGET = 10.0;
				MTL_ENABLE_DEBUG_INFO = NO;
				SDKROOT = iphoneos;
				SWIFT_OPTIMIZATION_LEVEL = "-Owholemodule";
				VALIDATE_PRODUCT = YES;
			};
			name = Release;
		};
		D15AD0791E8D737C00033DF9 /* Debug */ = {
			isa = XCBuildConfiguration;
			buildSettings = {
				ASSETCATALOG_COMPILER_APPICON_NAME = AppIcon;
				DEVELOPMENT_TEAM = Y9T7B7USN7;
				INFOPLIST_FILE = Books/Info.plist;
				LD_RUNPATH_SEARCH_PATHS = "$(inherited) @executable_path/Frameworks";
				PRODUCT_BUNDLE_IDENTIFIER = com.cazallau.Books;
				PRODUCT_NAME = "$(TARGET_NAME)";
				SWIFT_VERSION = 3.0;
			};
			name = Debug;
		};
		D15AD07A1E8D737C00033DF9 /* Release */ = {
			isa = XCBuildConfiguration;
			buildSettings = {
				ASSETCATALOG_COMPILER_APPICON_NAME = AppIcon;
				DEVELOPMENT_TEAM = Y9T7B7USN7;
				INFOPLIST_FILE = Books/Info.plist;
				LD_RUNPATH_SEARCH_PATHS = "$(inherited) @executable_path/Frameworks";
				PRODUCT_BUNDLE_IDENTIFIER = com.cazallau.Books;
				PRODUCT_NAME = "$(TARGET_NAME)";
				SWIFT_VERSION = 3.0;
			};
			name = Release;
		};
/* End XCBuildConfiguration section */

/* Begin XCConfigurationList section */
		D15AD0611E8D737C00033DF9 /* Build configuration list for PBXProject "Books" */ = {
			isa = XCConfigurationList;
			buildConfigurations = (
				D15AD0761E8D737C00033DF9 /* Debug */,
				D15AD0771E8D737C00033DF9 /* Release */,
			);
			defaultConfigurationIsVisible = 0;
			defaultConfigurationName = Release;
		};
		D15AD0781E8D737C00033DF9 /* Build configuration list for PBXNativeTarget "Books" */ = {
			isa = XCConfigurationList;
			buildConfigurations = (
				D15AD0791E8D737C00033DF9 /* Debug */,
				D15AD07A1E8D737C00033DF9 /* Release */,
			);
			defaultConfigurationIsVisible = 0;
		};
/* End XCConfigurationList section */
	};
	rootObject = D15AD05E1E8D737C00033DF9 /* Project object */;
}
